
Microsoft Visual Studio Solution File, Format Version 12.00
# Visual Studio Version 16
VisualStudioVersion = 16.0.30225.117
MinimumVisualStudioVersion = 10.0.40219.1
Project("{FAE04EC0-301F-11D3-BF4B-00C04F79EFBC}") = "Ransim", "Ransim\Ransim.csproj", "{FBE5B360-3570-40D3-8A3D-5F183873465E}"
EndProject
Global
	GlobalSection(SolutionConfigurationPlatforms) = preSolution
		Debug|Any CPU = Debug|Any CPU
		Release|Any CPU = Release|Any CPU
	EndGlobalSection
	GlobalSection(ProjectConfigurationPlatforms) = postSolution
		{FBE5B360-3570-40D3-8A3D-5F183873465E}.Debug|Any CPU.ActiveCfg = Debug|Any CPU
		{FBE5B360-3570-40D3-8A3D-5F183873465E}.Debug|Any CPU.Build.0 = Debug|Any CPU
		{FBE5B360-3570-40D3-8A3D-5F183873465E}.Release|Any CPU.ActiveCfg = Release|Any CPU
		{FBE5B360-3570-40D3-8A3D-5F183873465E}.Release|Any CPU.Build.0 = Release|Any CPU
	EndGlobalSection
	GlobalSection(SolutionProperties) = preSolution
		HideSolutionNode = FALSE
	EndGlobalSection
	GlobalSection(ExtensibilityGlobals) = postSolution
		SolutionGuid = {D385AF9B-63F3-4882-BDB6-6C87DACF7DF9}
	EndGlobalSection
EndGlobal
